
Microsoft Visual Studio Solution File, Format Version 12.00
Project("{FAE04EC0-301F-11D3-BF4B-00C04F79EFBC}") = "Ciclos", "Ciclos\Ciclos.csproj", "{AEBBA53E-6704-4881-A3E0-C4CD195E7D50}"
EndProject
Project("{FAE04EC0-301F-11D3-BF4B-00C04F79EFBC}") = "Ciclos E1", "Ciclos E1\Ciclos E1.csproj", "{016E8BEE-E580-4B84-BEEA-A4C242E7773E}"
EndProject
Project("{FAE04EC0-301F-11D3-BF4B-00C04F79EFBC}") = "Ciclos E2", "Ciclos E2\Ciclos E2.csproj", "{891D98E2-25AB-42D0-B1D2-02A38ACB462E}"
EndProject
Project("{FAE04EC0-301F-11D3-BF4B-00C04F79EFBC}") = "Ciclos E3", "Ciclos E3\Ciclos E3.csproj", "{41F3F733-121A-4D62-88FB-EF3422C99B18}"
EndProject
Project("{FAE04EC0-301F-11D3-BF4B-00C04F79EFBC}") = "Combate por turnos", "Combate por turnos\Combate por turnos.csproj", "{399F053A-81DD-46BE-BBC0-14281A1D398D}"
EndProject
Global
	GlobalSection(SolutionConfigurationPlatforms) = preSolution
		Debug|Any CPU = Debug|Any CPU
		Release|Any CPU = Release|Any CPU
	EndGlobalSection
	GlobalSection(ProjectConfigurationPlatforms) = postSolution
		{AEBBA53E-6704-4881-A3E0-C4CD195E7D50}.Debug|Any CPU.ActiveCfg = Debug|Any CPU
		{AEBBA53E-6704-4881-A3E0-C4CD195E7D50}.Debug|Any CPU.Build.0 = Debug|Any CPU
		{AEBBA53E-6704-4881-A3E0-C4CD195E7D50}.Release|Any CPU.ActiveCfg = Release|Any CPU
		{AEBBA53E-6704-4881-A3E0-C4CD195E7D50}.Release|Any CPU.Build.0 = Release|Any CPU
		{016E8BEE-E580-4B84-BEEA-A4C242E7773E}.Debug|Any CPU.ActiveCfg = Debug|Any CPU
		{016E8BEE-E580-4B84-BEEA-A4C242E7773E}.Debug|Any CPU.Build.0 = Debug|Any CPU
		{016E8BEE-E580-4B84-BEEA-A4C242E7773E}.Release|Any CPU.ActiveCfg = Release|Any CPU
		{016E8BEE-E580-4B84-BEEA-A4C242E7773E}.Release|Any CPU.Build.0 = Release|Any CPU
		{891D98E2-25AB-42D0-B1D2-02A38ACB462E}.Debug|Any CPU.ActiveCfg = Debug|Any CPU
		{891D98E2-25AB-42D0-B1D2-02A38ACB462E}.Debug|Any CPU.Build.0 = Debug|Any CPU
		{891D98E2-25AB-42D0-B1D2-02A38ACB462E}.Release|Any CPU.ActiveCfg = Release|Any CPU
		{891D98E2-25AB-42D0-B1D2-02A38ACB462E}.Release|Any CPU.Build.0 = Release|Any CPU
		{41F3F733-121A-4D62-88FB-EF3422C99B18}.Debug|Any CPU.ActiveCfg = Debug|Any CPU
		{41F3F733-121A-4D62-88FB-EF3422C99B18}.Debug|Any CPU.Build.0 = Debug|Any CPU
		{41F3F733-121A-4D62-88FB-EF3422C99B18}.Release|Any CPU.ActiveCfg = Release|Any CPU
		{41F3F733-121A-4D62-88FB-EF3422C99B18}.Release|Any CPU.Build.0 = Release|Any CPU
		{399F053A-81DD-46BE-BBC0-14281A1D398D}.Debug|Any CPU.ActiveCfg = Debug|Any CPU
		{399F053A-81DD-46BE-BBC0-14281A1D398D}.Debug|Any CPU.Build.0 = Debug|Any CPU
		{399F053A-81DD-46BE-BBC0-14281A1D398D}.Release|Any CPU.ActiveCfg = Release|Any CPU
		{399F053A-81DD-46BE-BBC0-14281A1D398D}.Release|Any CPU.Build.0 = Release|Any CPU
	EndGlobalSection
EndGlobal
